{
  "version": 1,
  "dependencies": {
    "net8.0": {
      "Sayers.SDL2.Core": {
        "type": "Direct",
        "requested": "[1.0.11, )",
        "resolved": "1.0.11",
        "contentHash": "K/guGaUyRdMhL2FLlUYbqJmKF3h2KtOV7l90NJfLOt/M64zLb4fkWlDGjXCZdHSZGPKsyOjps6FdsambXiLJQQ=="
      }
    }
  }
}